// !$*UTF8*$!
{
	archiveVersion = 1;
	classes = {
	};
	objectVersion = 46;
	objects = {

/* Begin PBXBuildFile section */
		F20ED4241A07EE4200D344A4 /* AppDelegate.swift in Sources */ = {isa = PBXBuildFile; fileRef = F20ED4231A07EE4200D344A4 /* AppDelegate.swift */; };
		F20ED4261A07EE4200D344A4 /* ViewController.swift in Sources */ = {isa = PBXBuildFile; fileRef = F20ED4251A07EE4200D344A4 /* ViewController.swift */; };
		F20ED4291A07EE4200D344A4 /* Main.storyboard in Resources */ = {isa = PBXBuildFile; fileRef = F20ED4271A07EE4200D344A4 /* Main.storyboard */; };
		F20ED42B1A07EE4200D344A4 /* Images.xcassets in Resources */ = {isa = PBXBuildFile; fileRef = F20ED42A1A07EE4200D344A4 /* Images.xcassets */; };
		F20ED42E1A07EE4200D344A4 /* LaunchScreen.xib in Resources */ = {isa = PBXBuildFile; fileRef = F20ED42C1A07EE4200D344A4 /* LaunchScreen.xib */; };
		F20ED43A1A07EE4200D344A4 /* MyGitExampleTests.swift in Sources */ = {isa = PBXBuildFile; fileRef = F20ED4391A07EE4200D344A4 /* MyGitExampleTests.swift */; };
/* End PBXBuildFile section */

/* Begin PBXContainerItemProxy section */
		F20ED4341A07EE4200D344A4 /* PBXContainerItemProxy */ = {
			isa = PBXContainerItemProxy;
			containerPortal = F20ED4161A07EE4200D344A4 /* Project object */;
			proxyType = 1;
			remoteGlobalIDString = F20ED41D1A07EE4200D344A4;
			remoteInfo = MyGitExample;
		};
/* End PBXContainerItemProxy section */

/* Begin PBXFileReference section */
		F20ED41E1A07EE4200D344A4 /* MyGitExample.app */ = {isa = PBXFileReference; explicitFileType = wrapper.application; includeInIndex = 0; path = MyGitExample.app; sourceTree = BUILT_PRODUCTS_DIR; };
		F20ED4221A07EE4200D344A4 /* Info.plist */ = {isa = PBXFileReference; lastKnownFileType = text.plist.xml; path = Info.plist; sourceTree = "<group>"; };
		F20ED4231A07EE4200D344A4 /* AppDelegate.swift */ = {isa = PBXFileReference; lastKnownFileType = sourcecode.swift; path = AppDelegate.swift; sourceTree = "<group>"; };
		F20ED4251A07EE4200D344A4 /* ViewController.swift */ = {isa = PBXFileReference; lastKnownFileType = sourcecode.swift; path = ViewController.swift; sourceTree = "<group>"; };
		F20ED4281A07EE4200D344A4 /* Base */ = {isa = PBXFileReference; lastKnownFileType = file.storyboard; name = Base; path = Base.lproj/Main.storyboard; sourceTree = "<group>"; };
		F20ED42A1A07EE4200D344A4 /* Images.xcassets */ = {isa = PBXFileReference; lastKnownFileType = folder.assetcatalog; path = Images.xcassets; sourceTree = "<group>"; };
		F20ED42D1A07EE4200D344A4 /* Base */ = {isa = PBXFileReference; lastKnownFileType = file.xib; name = Base; path = Base.lproj/LaunchScreen.xib; sourceTree = "<group>"; };
		F20ED4331A07EE4200D344A4 /* MyGitExampleTests.xctest */ = {isa = PBXFileReference; explicitFileType = wrapper.cfbundle; includeInIndex = 0; path = MyGitExampleTests.xctest; sourceTree = BUILT_PRODUCTS_DIR; };
		F20ED4381A07EE4200D344A4 /* Info.plist */ = {isa = PBXFileReference; lastKnownFileType = text.plist.xml; path = Info.plist; sourceTree = "<group>"; };
		F20ED4391A07EE4200D344A4 /* MyGitExampleTests.swift */ = {isa = PBXFileReference; lastKnownFileType = sourcecode.swift; path = MyGitExampleTests.swift; sourceTree = "<group>"; };
/* End PBXFileReference section */

/* Begin PBXFrameworksBuildPhase section */
		F20ED41B1A07EE4200D344A4 /* Frameworks */ = {
			isa = PBXFrameworksBuildPhase;
			buildActionMask = 2147483647;
			files = (
			);
			runOnlyForDeploymentPostprocessing = 0;
		};
		F20ED4301A07EE4200D344A4 /* Frameworks */ = {
			isa = PBXFrameworksBuildPhase;
			buildActionMask = 2147483647;
			files = (
			);
			runOnlyForDeploymentPostprocessing = 0;
		};
/* End PBXFrameworksBuildPhase section */

/* Begin PBXGroup section */
		F20ED4151A07EE4200D344A4 = {
			isa = PBXGroup;
			children = (
				F20ED4201A07EE4200D344A4 /* MyGitExample */,
				F20ED4361A07EE4200D344A4 /* MyGitExampleTests */,
				F20ED41F1A07EE4200D344A4 /* Products */,
			);
			sourceTree = "<group>";
		};
		F20ED41F1A07EE4200D344A4 /* Products */ = {
			isa = PBXGroup;
			children = (
				F20ED41E1A07EE4200D344A4 /* MyGitExample.app */,
				F20ED4331A07EE4200D344A4 /* MyGitExampleTests.xctest */,
			);
			name = Products;
			sourceTree = "<group>";
		};
		F20ED4201A07EE4200D344A4 /* MyGitExample */ = {
			isa = PBXGroup;
			children = (
				F20ED4231A07EE4200D344A4 /* AppDelegate.swift */,
				F20ED4251A07EE4200D344A4 /* ViewController.swift */,
				F20ED4271A07EE4200D344A4 /* Main.storyboard */,
				F20ED42A1A07EE4200D344A4 /* Images.xcassets */,
				F20ED42C1A07EE4200D344A4 /* LaunchScreen.xib */,
				F20ED4211A07EE4200D344A4 /* Supporting Files */,
			);
			path = MyGitExample;
			sourceTree = "<group>";
		};
		F20ED4211A07EE4200D344A4 /* Supporting Files */ = {
			isa = PBXGroup;
			children = (
				F20ED4221A07EE4200D344A4 /* Info.plist */,
			);
			name = "Supporting Files";
			sourceTree = "<group>";
		};
		F20ED4361A07EE4200D344A4 /* MyGitExampleTests */ = {
			isa = PBXGroup;
			children = (
				F20ED4391A07EE4200D344A4 /* MyGitExampleTests.swift */,
				F20ED4371A07EE4200D344A4 /* Supporting Files */,
			);
			path = MyGitExampleTests;
			sourceTree = "<group>";
		};
		F20ED4371A07EE4200D344A4 /* Supporting Files */ = {
			isa = PBXGroup;
			children = (
				F20ED4381A07EE4200D344A4 /* Info.plist */,
			);
			name = "Supporting Files";
			sourceTree = "<group>";
		};
/* End PBXGroup section */

/* Begin PBXNativeTarget section */
		F20ED41D1A07EE4200D344A4 /* MyGitExample */ = {
			isa = PBXNativeTarget;
			buildConfigurationList = F20ED43D1A07EE4200D344A4 /* Build configuration list for PBXNativeTarget "MyGitExample" */;
			buildPhases = (
				F20ED41A1A07EE4200D344A4 /* Sources */,
				F20ED41B1A07EE4200D344A4 /* Frameworks */,
				F20ED41C1A07EE4200D344A4 /* Resources */,
			);
			buildRules = (
			);
			dependencies = (
			);
			name = MyGitExample;
			productName = MyGitExample;
			productReference = F20ED41E1A07EE4200D344A4 /* MyGitExample.app */;
			productType = "com.apple.product-type.application";
		};
		F20ED4321A07EE4200D344A4 /* MyGitExampleTests */ = {
			isa = PBXNativeTarget;
			buildConfigurationList = F20ED4401A07EE4200D344A4 /* Build configuration list for PBXNativeTarget "MyGitExampleTests" */;
			buildPhases = (
				F20ED42F1A07EE4200D344A4 /* Sources */,
				F20ED4301A07EE4200D344A4 /* Frameworks */,
				F20ED4311A07EE4200D344A4 /* Resources */,
			);
			buildRules = (
			);
			dependencies = (
				F20ED4351A07EE4200D344A4 /* PBXTargetDependency */,
			);
			name = MyGitExampleTests;
			productName = MyGitExampleTests;
			productReference = F20ED4331A07EE4200D344A4 /* MyGitExampleTests.xctest */;
			productType = "com.apple.product-type.bundle.unit-test";
		};
/* End PBXNativeTarget section */

/* Begin PBXProject section */
		F20ED4161A07EE4200D344A4 /* Project object */ = {
			isa = PBXProject;
			attributes = {
				LastUpgradeCheck = 0610;
				ORGANIZATIONNAME = "David Reese";
				TargetAttributes = {
					F20ED41D1A07EE4200D344A4 = {
						CreatedOnToolsVersion = 6.1;
					};
					F20ED4321A07EE4200D344A4 = {
						CreatedOnToolsVersion = 6.1;
						TestTargetID = F20ED41D1A07EE4200D344A4;
					};
				};
			};
			buildConfigurationList = F20ED4191A07EE4200D344A4 /* Build configuration list for PBXProject "MyGitExample" */;
			compatibilityVersion = "Xcode 3.2";
			developmentRegion = English;
			hasScannedForEncodings = 0;
			knownRegions = (
				en,
				Base,
			);
			mainGroup = F20ED4151A07EE4200D344A4;
			productRefGroup = F20ED41F1A07EE4200D344A4 /* Products */;
			projectDirPath = "";
			projectRoot = "";
			targets = (
				F20ED41D1A07EE4200D344A4 /* MyGitExample */,
				F20ED4321A07EE4200D344A4 /* MyGitExampleTests */,
			);
		};
/* End PBXProject section */

/* Begin PBXResourcesBuildPhase section */
		F20ED41C1A07EE4200D344A4 /* Resources */ = {
			isa = PBXResourcesBuildPhase;
			buildActionMask = 2147483647;
			files = (
				F20ED4291A07EE4200D344A4 /* Main.storyboard in Resources */,
				F20ED42E1A07EE4200D344A4 /* LaunchScreen.xib in Resources */,
				F20ED42B1A07EE4200D344A4 /* Images.xcassets in Resources */,
			);
			runOnlyForDeploymentPostprocessing = 0;
		};
		F20ED4311A07EE4200D344A4 /* Resources */ = {
			isa = PBXResourcesBuildPhase;
			buildActionMask = 2147483647;
			files = (
			);
			runOnlyForDeploymentPostprocessing = 0;
		};
/* End PBXResourcesBuildPhase section */

/* Begin PBXSourcesBuildPhase section */
		F20ED41A1A07EE4200D344A4 /* Sources */ = {
			isa = PBXSourcesBuildPhase;
			buildActionMask = 2147483647;
			files = (
				F20ED4261A07EE4200D344A4 /* ViewController.swift in Sources */,
				F20ED4241A07EE4200D344A4 /* AppDelegate.swift in Sources */,
			);
			runOnlyForDeploymentPostprocessing = 0;
		};
		F20ED42F1A07EE4200D344A4 /* Sources */ = {
			isa = PBXSourcesBuildPhase;
			buildActionMask = 2147483647;
			files = (
				F20ED43A1A07EE4200D344A4 /* MyGitExampleTests.swift in Sources */,
			);
			runOnlyForDeploymentPostprocessing = 0;
		};
/* End PBXSourcesBuildPhase section */

/* Begin PBXTargetDependency section */
		F20ED4351A07EE4200D344A4 /* PBXTargetDependency */ = {
			isa = PBXTargetDependency;
			target = F20ED41D1A07EE4200D344A4 /* MyGitExample */;
			targetProxy = F20ED4341A07EE4200D344A4 /* PBXContainerItemProxy */;
		};
/* End PBXTargetDependency section */

/* Begin PBXVariantGroup section */
		F20ED4271A07EE4200D344A4 /* Main.storyboard */ = {
			isa = PBXVariantGroup;
			children = (
				F20ED4281A07EE4200D344A4 /* Base */,
			);
			name = Main.storyboard;
			sourceTree = "<group>";
		};
		F20ED42C1A07EE4200D344A4 /* LaunchScreen.xib */ = {
			isa = PBXVariantGroup;
			children = (
				F20ED42D1A07EE4200D344A4 /* Base */,
			);
			name = LaunchScreen.xib;
			sourceTree = "<group>";
		};
/* End PBXVariantGroup section */

/* Begin XCBuildConfiguration section */
		F20ED43B1A07EE4200D344A4 /* Debug */ = {
			isa = XCBuildConfiguration;
			buildSettings = {
				ALWAYS_SEARCH_USER_PATHS = NO;
				CLANG_CXX_LANGUAGE_STANDARD = "gnu++0x";
				CLANG_CXX_LIBRARY = "libc++";
				CLANG_ENABLE_MODULES = YES;
				CLANG_ENABLE_OBJC_ARC = YES;
				CLANG_WARN_BOOL_CONVERSION = YES;
				CLANG_WARN_CONSTANT_CONVERSION = YES;
				CLANG_WARN_DIRECT_OBJC_ISA_USAGE = YES_ERROR;
				CLANG_WARN_EMPTY_BODY = YES;
				CLANG_WARN_ENUM_CONVERSION = YES;
				CLANG_WARN_INT_CONVERSION = YES;
				CLANG_WARN_OBJC_ROOT_CLASS = YES_ERROR;
				CLANG_WARN_UNREACHABLE_CODE = YES;
				CLANG_WARN__DUPLICATE_METHOD_MATCH = YES;
				"CODE_SIGN_IDENTITY[sdk=iphoneos*]" = "iPhone Developer";
				COPY_PHASE_STRIP = NO;
				ENABLE_STRICT_OBJC_MSGSEND = YES;
				GCC_C_LANGUAGE_STANDARD = gnu99;
				GCC_DYNAMIC_NO_PIC = NO;
				GCC_OPTIMIZATION_LEVEL = 0;
				GCC_PREPROCESSOR_DEFINITIONS = (
					"DEBUG=1",
					"$(inherited)",
				);
				GCC_SYMBOLS_PRIVATE_EXTERN = NO;
				GCC_WARN_64_TO_32_BIT_CONVERSION = YES;
				GCC_WARN_ABOUT_RETURN_TYPE = YES_ERROR;
				GCC_WARN_UNDECLARED_SELECTOR = YES;
				GCC_WARN_UNINITIALIZED_AUTOS = YES_AGGRESSIVE;
				GCC_WARN_UNUSED_FUNCTION = YES;
				GCC_WARN_UNUSED_VARIABLE = YES;
				IPHONEOS_DEPLOYMENT_TARGET = 8.1;
				MTL_ENABLE_DEBUG_INFO = YES;
				ONLY_ACTIVE_ARCH = YES;
				SDKROOT = iphoneos;
				SWIFT_OPTIMIZATION_LEVEL = "-Onone";
			};
			name = Debug;
		};
		F20ED43C1A07EE4200D344A4 /* Release */ = {
			isa = XCBuildConfiguration;
			buildSettings = {
				ALWAYS_SEARCH_USER_PATHS = NO;
				CLANG_CXX_LANGUAGE_STANDARD = "gnu++0x";
				CLANG_CXX_LIBRARY = "libc++";
				CLANG_ENABLE_MODULES = YES;
				CLANG_ENABLE_OBJC_ARC = YES;
				CLANG_WARN_BOOL_CONVERSION = YES;
				CLANG_WARN_CONSTANT_CONVERSION = YES;
				CLANG_WARN_DIRECT_OBJC_ISA_USAGE = YES_ERROR;
				CLANG_WARN_EMPTY_BODY = YES;
				CLANG_WARN_ENUM_CONVERSION = YES;
				CLANG_WARN_INT_CONVERSION = YES;
				CLANG_WARN_OBJC_ROOT_CLASS = YES_ERROR;
				CLANG_WARN_UNREACHABLE_CODE = YES;
				CLANG_WARN__DUPLICATE_METHOD_MATCH = YES;
				"CODE_SIGN_IDENTITY[sdk=iphoneos*]" = "iPhone Developer";
				COPY_PHASE_STRIP = YES;
				ENABLE_NS_ASSERTIONS = NO;
				ENABLE_STRICT_OBJC_MSGSEND = YES;
				GCC_C_LANGUAGE_STANDARD = gnu99;
				GCC_WARN_64_TO_32_BIT_CONVERSION = YES;
				GCC_WARN_ABOUT_RETURN_TYPE = YES_ERROR;
				GCC_WARN_UNDECLARED_SELECTOR = YES;
				GCC_WARN_UNINITIALIZED_AUTOS = YES_AGGRESSIVE;
				GCC_WARN_UNUSED_FUNCTION = YES;
				GCC_WARN_UNUSED_VARIABLE = YES;
				IPHONEOS_DEPLOYMENT_TARGET = 8.1;
				MTL_ENABLE_DEBUG_INFO = NO;
				SDKROOT = iphoneos;
				VALIDATE_PRODUCT = YES;
			};
			name = Release;
		};
		F20ED43E1A07EE4200D344A4 /* Debug */ = {
			isa = XCBuildConfiguration;
			buildSettings = {
				ASSETCATALOG_COMPILER_APPICON_NAME = AppIcon;
				INFOPLIST_FILE = MyGitExample/Info.plist;
				LD_RUNPATH_SEARCH_PATHS = "$(inherited) @executable_path/Frameworks";
				PRODUCT_NAME = "$(TARGET_NAME)";
			};
			name = Debug;
		};
		F20ED43F1A07EE4200D344A4 /* Release */ = {
			isa = XCBuildConfiguration;
			buildSettings = {
				ASSETCATALOG_COMPILER_APPICON_NAME = AppIcon;
				INFOPLIST_FILE = MyGitExample/Info.plist;
				LD_RUNPATH_SEARCH_PATHS = "$(inherited) @executable_path/Frameworks";
				PRODUCT_NAME = "$(TARGET_NAME)";
			};
			name = Release;
		};
		F20ED4411A07EE4200D344A4 /* Debug */ = {
			isa = XCBuildConfiguration;
			buildSettings = {
				BUNDLE_LOADER = "$(TEST_HOST)";
				FRAMEWORK_SEARCH_PATHS = (
					"$(SDKROOT)/Developer/Library/Frameworks",
					"$(inherited)",
				);
				GCC_PREPROCESSOR_DEFINITIONS = (
					"DEBUG=1",
					"$(inherited)",
				);
				INFOPLIST_FILE = MyGitExampleTests/Info.plist;
				LD_RUNPATH_SEARCH_PATHS = "$(inherited) @executable_path/Frameworks @loader_path/Frameworks";
				PRODUCT_NAME = "$(TARGET_NAME)";
				TEST_HOST = "$(BUILT_PRODUCTS_DIR)/MyGitExample.app/MyGitExample";
			};
			name = Debug;
		};
		F20ED4421A07EE4200D344A4 /* Release */ = {
			isa = XCBuildConfiguration;
			buildSettings = {
				BUNDLE_LOADER = "$(TEST_HOST)";
				FRAMEWORK_SEARCH_PATHS = (
					"$(SDKROOT)/Developer/Library/Frameworks",
					"$(inherited)",
				);
				INFOPLIST_FILE = MyGitExampleTests/Info.plist;
				LD_RUNPATH_SEARCH_PATHS = "$(inherited) @executable_path/Frameworks @loader_path/Frameworks";
				PRODUCT_NAME = "$(TARGET_NAME)";
				TEST_HOST = "$(BUILT_PRODUCTS_DIR)/MyGitExample.app/MyGitExample";
			};
			name = Release;
		};
/* End XCBuildConfiguration section */

/* Begin XCConfigurationList section */
		F20ED4191A07EE4200D344A4 /* Build configuration list for PBXProject "MyGitExample" */ = {
			isa = XCConfigurationList;
			buildConfigurations = (
				F20ED43B1A07EE4200D344A4 /* Debug */,
				F20ED43C1A07EE4200D344A4 /* Release */,
			);
			defaultConfigurationIsVisible = 0;
			defaultConfigurationName = Release;
		};
		F20ED43D1A07EE4200D344A4 /* Build configuration list for PBXNativeTarget "MyGitExample" */ = {
			isa = XCConfigurationList;
			buildConfigurations = (
				F20ED43E1A07EE4200D344A4 /* Debug */,
				F20ED43F1A07EE4200D344A4 /* Release */,
			);
			defaultConfigurationIsVisible = 0;
		};
		F20ED4401A07EE4200D344A4 /* Build configuration list for PBXNativeTarget "MyGitExampleTests" */ = {
			isa = XCConfigurationList;
			buildConfigurations = (
				F20ED4411A07EE4200D344A4 /* Debug */,
				F20ED4421A07EE4200D344A4 /* Release */,
			);
			defaultConfigurationIsVisible = 0;
		};
/* End XCConfigurationList section */
	};
	rootObject = F20ED4161A07EE4200D344A4 /* Project object */;
}
